
Microsoft Visual Studio Solution File, Format Version 12.00
# Visual Studio Version 16
VisualStudioVersion = 16.0.30320.27
MinimumVisualStudioVersion = 10.0.40219.1
Project("{FAE04EC0-301F-11D3-BF4B-00C04F79EFBC}") = "DashBoard", "DashBoard\DashBoard.csproj", "{BED6904B-8D71-4BD4-A9F1-CAC4B1EBCD39}"
EndProject
Global
	GlobalSection(SolutionConfigurationPlatforms) = preSolution
		Debug|Any CPU = Debug|Any CPU
		Release|Any CPU = Release|Any CPU
	EndGlobalSection
	GlobalSection(ProjectConfigurationPlatforms) = postSolution
		{BED6904B-8D71-4BD4-A9F1-CAC4B1EBCD39}.Debug|Any CPU.ActiveCfg = Debug|Any CPU
		{BED6904B-8D71-4BD4-A9F1-CAC4B1EBCD39}.Debug|Any CPU.Build.0 = Debug|Any CPU
		{BED6904B-8D71-4BD4-A9F1-CAC4B1EBCD39}.Release|Any CPU.ActiveCfg = Release|Any CPU
		{BED6904B-8D71-4BD4-A9F1-CAC4B1EBCD39}.Release|Any CPU.Build.0 = Release|Any CPU
	EndGlobalSection
	GlobalSection(SolutionProperties) = preSolution
		HideSolutionNode = FALSE
	EndGlobalSection
	GlobalSection(ExtensibilityGlobals) = postSolution
		SolutionGuid = {35CC50C7-4374-46CC-915D-5C2F3B82AE83}
	EndGlobalSection
EndGlobal
